
Microsoft Visual Studio Solution File, Format Version 12.00
# Visual Studio Version 16
VisualStudioVersion = 16.0.29123.88
MinimumVisualStudioVersion = 10.0.40219.1
Project("{FAE04EC0-301F-11D3-BF4B-00C04F79EFBC}") = "QA_Scanner_Old", "src\QA_Scanner_Old\QA_Scanner_Old.csproj", "{D56A0277-672F-4840-BC67-D83AC3CAA6D9}"
EndProject
Project("{FAE04EC0-301F-11D3-BF4B-00C04F79EFBC}") = "QA_Scanner_MVVM", "src\QA_Scanner_MVVM\QA_Scanner_MVVM.csproj", "{CE879E22-7399-4A29-B095-45B981E6A58B}"
EndProject
Project("{9A19103F-16F7-4668-BE54-9A1E7A4F7556}") = "TestSpeechRecognition", "src\TestSpeechRecognition\TestSpeechRecognition.csproj", "{F025E34D-B121-42C7-B1CC-AF3A785E2432}"
EndProject
Project("{8BC9CEB8-8B4A-11D0-8D11-00A0C91BC942}") = "SpeechRecognitionCLI", "src\SpeechRecognitionCLI\SpeechRecognitionCLI.vcxproj", "{301447BC-4C05-4E2E-BABD-AF1BA09407D4}"
EndProject
Project("{8BC9CEB8-8B4A-11D0-8D11-00A0C91BC942}") = "SpeechRecognitionCore", "src\SpeechRecognitionCore\SpeechRecognitionCore.vcxproj", "{73C54B67-A037-4CA7-88DF-D44E6930FA81}"
EndProject
Global
	GlobalSection(SolutionConfigurationPlatforms) = preSolution
		Debug|Any CPU = Debug|Any CPU
		Debug|x64 = Debug|x64
		Debug|x86 = Debug|x86
		Release|Any CPU = Release|Any CPU
		Release|x64 = Release|x64
		Release|x86 = Release|x86
	EndGlobalSection
	GlobalSection(ProjectConfigurationPlatforms) = postSolution
		{D56A0277-672F-4840-BC67-D83AC3CAA6D9}.Debug|Any CPU.ActiveCfg = Debug|Any CPU
		{D56A0277-672F-4840-BC67-D83AC3CAA6D9}.Debug|Any CPU.Build.0 = Debug|Any CPU
		{D56A0277-672F-4840-BC67-D83AC3CAA6D9}.Debug|x64.ActiveCfg = Debug|x64
		{D56A0277-672F-4840-BC67-D83AC3CAA6D9}.Debug|x64.Build.0 = Debug|x64
		{D56A0277-672F-4840-BC67-D83AC3CAA6D9}.Debug|x86.ActiveCfg = Debug|x86
		{D56A0277-672F-4840-BC67-D83AC3CAA6D9}.Debug|x86.Build.0 = Debug|x86
		{D56A0277-672F-4840-BC67-D83AC3CAA6D9}.Release|Any CPU.ActiveCfg = Release|Any CPU
		{D56A0277-672F-4840-BC67-D83AC3CAA6D9}.Release|Any CPU.Build.0 = Release|Any CPU
		{D56A0277-672F-4840-BC67-D83AC3CAA6D9}.Release|x64.ActiveCfg = Release|x64
		{D56A0277-672F-4840-BC67-D83AC3CAA6D9}.Release|x64.Build.0 = Release|x64
		{D56A0277-672F-4840-BC67-D83AC3CAA6D9}.Release|x86.ActiveCfg = Release|x86
		{D56A0277-672F-4840-BC67-D83AC3CAA6D9}.Release|x86.Build.0 = Release|x86
		{CE879E22-7399-4A29-B095-45B981E6A58B}.Debug|Any CPU.ActiveCfg = Debug|Any CPU
		{CE879E22-7399-4A29-B095-45B981E6A58B}.Debug|Any CPU.Build.0 = Debug|Any CPU
		{CE879E22-7399-4A29-B095-45B981E6A58B}.Debug|x64.ActiveCfg = Debug|x64
		{CE879E22-7399-4A29-B095-45B981E6A58B}.Debug|x64.Build.0 = Debug|x64
		{CE879E22-7399-4A29-B095-45B981E6A58B}.Debug|x86.ActiveCfg = Debug|x86
		{CE879E22-7399-4A29-B095-45B981E6A58B}.Debug|x86.Build.0 = Debug|x86
		{CE879E22-7399-4A29-B095-45B981E6A58B}.Release|Any CPU.ActiveCfg = Release|Any CPU
		{CE879E22-7399-4A29-B095-45B981E6A58B}.Release|Any CPU.Build.0 = Release|Any CPU
		{CE879E22-7399-4A29-B095-45B981E6A58B}.Release|x64.ActiveCfg = Release|x64
		{CE879E22-7399-4A29-B095-45B981E6A58B}.Release|x64.Build.0 = Release|x64
		{CE879E22-7399-4A29-B095-45B981E6A58B}.Release|x86.ActiveCfg = Release|x86
		{CE879E22-7399-4A29-B095-45B981E6A58B}.Release|x86.Build.0 = Release|x86
		{F025E34D-B121-42C7-B1CC-AF3A785E2432}.Debug|Any CPU.ActiveCfg = Debug|Any CPU
		{F025E34D-B121-42C7-B1CC-AF3A785E2432}.Debug|Any CPU.Build.0 = Debug|Any CPU
		{F025E34D-B121-42C7-B1CC-AF3A785E2432}.Debug|x64.ActiveCfg = Debug|Any CPU
		{F025E34D-B121-42C7-B1CC-AF3A785E2432}.Debug|x64.Build.0 = Debug|Any CPU
		{F025E34D-B121-42C7-B1CC-AF3A785E2432}.Debug|x86.ActiveCfg = Debug|Any CPU
		{F025E34D-B121-42C7-B1CC-AF3A785E2432}.Debug|x86.Build.0 = Debug|Any CPU
		{F025E34D-B121-42C7-B1CC-AF3A785E2432}.Release|Any CPU.ActiveCfg = Release|Any CPU
		{F025E34D-B121-42C7-B1CC-AF3A785E2432}.Release|Any CPU.Build.0 = Release|Any CPU
		{F025E34D-B121-42C7-B1CC-AF3A785E2432}.Release|x64.ActiveCfg = Release|Any CPU
		{F025E34D-B121-42C7-B1CC-AF3A785E2432}.Release|x64.Build.0 = Release|Any CPU
		{F025E34D-B121-42C7-B1CC-AF3A785E2432}.Release|x86.ActiveCfg = Release|Any CPU
		{F025E34D-B121-42C7-B1CC-AF3A785E2432}.Release|x86.Build.0 = Release|Any CPU
		{301447BC-4C05-4E2E-BABD-AF1BA09407D4}.Debug|Any CPU.ActiveCfg = Debug|Win32
		{301447BC-4C05-4E2E-BABD-AF1BA09407D4}.Debug|x64.ActiveCfg = Debug|x64
		{301447BC-4C05-4E2E-BABD-AF1BA09407D4}.Debug|x64.Build.0 = Debug|x64
		{301447BC-4C05-4E2E-BABD-AF1BA09407D4}.Debug|x86.ActiveCfg = Debug|Win32
		{301447BC-4C05-4E2E-BABD-AF1BA09407D4}.Debug|x86.Build.0 = Debug|Win32
		{301447BC-4C05-4E2E-BABD-AF1BA09407D4}.Release|Any CPU.ActiveCfg = Release|Win32
		{301447BC-4C05-4E2E-BABD-AF1BA09407D4}.Release|x64.ActiveCfg = Release|x64
		{301447BC-4C05-4E2E-BABD-AF1BA09407D4}.Release|x64.Build.0 = Release|x64
		{301447BC-4C05-4E2E-BABD-AF1BA09407D4}.Release|x86.ActiveCfg = Release|Win32
		{301447BC-4C05-4E2E-BABD-AF1BA09407D4}.Release|x86.Build.0 = Release|Win32
		{73C54B67-A037-4CA7-88DF-D44E6930FA81}.Debug|Any CPU.ActiveCfg = Debug|Win32
		{73C54B67-A037-4CA7-88DF-D44E6930FA81}.Debug|x64.ActiveCfg = Debug|x64
		{73C54B67-A037-4CA7-88DF-D44E6930FA81}.Debug|x64.Build.0 = Debug|x64
		{73C54B67-A037-4CA7-88DF-D44E6930FA81}.Debug|x86.ActiveCfg = Debug|Win32
		{73C54B67-A037-4CA7-88DF-D44E6930FA81}.Debug|x86.Build.0 = Debug|Win32
		{73C54B67-A037-4CA7-88DF-D44E6930FA81}.Release|Any CPU.ActiveCfg = Release|Win32
		{73C54B67-A037-4CA7-88DF-D44E6930FA81}.Release|x64.ActiveCfg = Release|x64
		{73C54B67-A037-4CA7-88DF-D44E6930FA81}.Release|x64.Build.0 = Release|x64
		{73C54B67-A037-4CA7-88DF-D44E6930FA81}.Release|x86.ActiveCfg = Release|Win32
		{73C54B67-A037-4CA7-88DF-D44E6930FA81}.Release|x86.Build.0 = Release|Win32
	EndGlobalSection
	GlobalSection(SolutionProperties) = preSolution
		HideSolutionNode = FALSE
	EndGlobalSection
	GlobalSection(ExtensibilityGlobals) = postSolution
		SolutionGuid = {EE3C4CC8-2F40-410F-B069-140C20CBE106}
	EndGlobalSection
EndGlobal
