
Microsoft Visual Studio Solution File, Format Version 12.00
# Visual Studio 15
VisualStudioVersion = 15.0.27428.1
MinimumVisualStudioVersion = 10.0.40219.1
Project("{FAE04EC0-301F-11D3-BF4B-00C04F79EFBC}") = "QA_Scanner", "QA_Scanner\QA_Scanner.csproj", "{D56A0277-672F-4840-BC67-D83AC3CAA6D9}"
EndProject
Project("{2150E333-8FDC-42A3-9474-1A3956D46DE8}") = "Solution Items", "Solution Items", "{2D60DEEA-8F04-43CA-81D0-C96DE1A18E92}"
	ProjectSection(SolutionItems) = preProject
		QA_Scanner\ekology_1.docx = QA_Scanner\ekology_1.docx
		QA_Scanner\ekology_2.docx = QA_Scanner\ekology_2.docx
	EndProjectSection
EndProject
Global
	GlobalSection(SolutionConfigurationPlatforms) = preSolution
		Debug|Any CPU = Debug|Any CPU
		Release|Any CPU = Release|Any CPU
	EndGlobalSection
	GlobalSection(ProjectConfigurationPlatforms) = postSolution
		{D56A0277-672F-4840-BC67-D83AC3CAA6D9}.Debug|Any CPU.ActiveCfg = Debug|Any CPU
		{D56A0277-672F-4840-BC67-D83AC3CAA6D9}.Debug|Any CPU.Build.0 = Debug|Any CPU
		{D56A0277-672F-4840-BC67-D83AC3CAA6D9}.Release|Any CPU.ActiveCfg = Release|Any CPU
		{D56A0277-672F-4840-BC67-D83AC3CAA6D9}.Release|Any CPU.Build.0 = Release|Any CPU
	EndGlobalSection
	GlobalSection(SolutionProperties) = preSolution
		HideSolutionNode = FALSE
	EndGlobalSection
	GlobalSection(ExtensibilityGlobals) = postSolution
		SolutionGuid = {EE3C4CC8-2F40-410F-B069-140C20CBE106}
	EndGlobalSection
EndGlobal
